
Microsoft Visual Studio Solution File, Format Version 12.00
# Visual Studio Version 17
VisualStudioVersion = 17.0.31903.59
MinimumVisualStudioVersion = 10.0.40219.1
Project("{FAE04EC0-301F-11D3-BF4B-00C04F79EFBC}") = "AoC.Leaderboard.Domain", "AoC.Leaderboard.Domain\AoC.Leaderboard.Domain.csproj", "{2AA7F9F3-C375-46AB-BC00-FBC4F3D534FC}"
EndProject
Project("{FAE04EC0-301F-11D3-BF4B-00C04F79EFBC}") = "AoC.Leaderboard.Cli", "AoC.Leaderboard.Cli\AoC.Leaderboard.Cli.csproj", "{92BA2945-632D-4CBA-BD9C-195724C5B1C8}"
EndProject
Project("{FAE04EC0-301F-11D3-BF4B-00C04F79EFBC}") = "AoC.Leaderboard.Infrastructure", "AoC.Leaderboard.Infrastructure\AoC.Leaderboard.Infrastructure.csproj", "{1FD0FCA6-92CC-4B5E-86C2-05B196984DD3}"
EndProject
Global
	GlobalSection(SolutionConfigurationPlatforms) = preSolution
		Debug|Any CPU = Debug|Any CPU
		Release|Any CPU = Release|Any CPU
	EndGlobalSection
	GlobalSection(SolutionProperties) = preSolution
		HideSolutionNode = FALSE
	EndGlobalSection
	GlobalSection(ProjectConfigurationPlatforms) = postSolution
		{2AA7F9F3-C375-46AB-BC00-FBC4F3D534FC}.Debug|Any CPU.ActiveCfg = Debug|Any CPU
		{2AA7F9F3-C375-46AB-BC00-FBC4F3D534FC}.Debug|Any CPU.Build.0 = Debug|Any CPU
		{2AA7F9F3-C375-46AB-BC00-FBC4F3D534FC}.Release|Any CPU.ActiveCfg = Release|Any CPU
		{2AA7F9F3-C375-46AB-BC00-FBC4F3D534FC}.Release|Any CPU.Build.0 = Release|Any CPU
		{92BA2945-632D-4CBA-BD9C-195724C5B1C8}.Debug|Any CPU.ActiveCfg = Debug|Any CPU
		{92BA2945-632D-4CBA-BD9C-195724C5B1C8}.Debug|Any CPU.Build.0 = Debug|Any CPU
		{92BA2945-632D-4CBA-BD9C-195724C5B1C8}.Release|Any CPU.ActiveCfg = Release|Any CPU
		{92BA2945-632D-4CBA-BD9C-195724C5B1C8}.Release|Any CPU.Build.0 = Release|Any CPU
		{1FD0FCA6-92CC-4B5E-86C2-05B196984DD3}.Debug|Any CPU.ActiveCfg = Debug|Any CPU
		{1FD0FCA6-92CC-4B5E-86C2-05B196984DD3}.Debug|Any CPU.Build.0 = Debug|Any CPU
		{1FD0FCA6-92CC-4B5E-86C2-05B196984DD3}.Release|Any CPU.ActiveCfg = Release|Any CPU
		{1FD0FCA6-92CC-4B5E-86C2-05B196984DD3}.Release|Any CPU.Build.0 = Release|Any CPU
	EndGlobalSection
EndGlobal
